
Microsoft Visual Studio Solution File, Format Version 12.00
# Visual Studio Version 16
VisualStudioVersion = 16.0.29806.167
MinimumVisualStudioVersion = 10.0.40219.1
Project("{8BC9CEB8-8B4A-11D0-8D11-00A0C91BC942}") = "Projekt", "Projekt.vcxproj", "{0255FE1D-0E37-48CD-AAA0-D6EFA9A11ADD}"
EndProject
Global
	GlobalSection(SolutionConfigurationPlatforms) = preSolution
		Debug|x86 = Debug|x86
		Release|x86 = Release|x86
	EndGlobalSection
	GlobalSection(ProjectConfigurationPlatforms) = postSolution
		{0255FE1D-0E37-48CD-AAA0-D6EFA9A11ADD}.Debug|x86.ActiveCfg = Debug|Win32
		{0255FE1D-0E37-48CD-AAA0-D6EFA9A11ADD}.Debug|x86.Build.0 = Debug|Win32
		{0255FE1D-0E37-48CD-AAA0-D6EFA9A11ADD}.Release|x86.ActiveCfg = Release|Win32
		{0255FE1D-0E37-48CD-AAA0-D6EFA9A11ADD}.Release|x86.Build.0 = Release|Win32
	EndGlobalSection
	GlobalSection(SolutionProperties) = preSolution
		HideSolutionNode = FALSE
	EndGlobalSection
	GlobalSection(ExtensibilityGlobals) = postSolution
		SolutionGuid = {C09EA83E-B6B0-4E14-9160-139AC213E124}
	EndGlobalSection
EndGlobal
